PODS:
  - ExtensionX (0.1.0)
  - FBSnapshotTestCase (2.1.4):
    - FBSnapshotTestCase/SwiftSupport (= 2.1.4)
  - FBSnapshotTestCase/Core (2.1.4)
  - FBSnapshotTestCase/SwiftSupport (2.1.4):
    - FBSnapshotTestCase/Core

DEPENDENCIES:
  - ExtensionX (from `../`)
  - FBSnapshotTestCase (~> 2.1.4)

SPEC REPOS:
  https://github.com/cocoapods/specs.git:
    - FBSnapshotTestCase

EXTERNAL SOURCES:
  ExtensionX:
    :path: "../"

SPEC CHECKSUMS:
  ExtensionX: cbfe8ea84c34edcdd042ded0ac0e64b74adeba3e
  FBSnapshotTestCase: 094f9f314decbabe373b87cc339bea235a63e07a

PODFILE CHECKSUM: 9bef99f525f62f89317afa5c4c93fad6f14c7512

COCOAPODS: 1.5.2
